Microsoft Visual Studio Solution File, Format Version 12.00
# Visual Studio Version 17
VisualStudioVersion = 17.5.2.0
MinimumVisualStudioVersion = 10.0.40219.1
Project("{FAE04EC0-301F-11D3-BF4B-00C04F79EFBC}") = "LuckySpin", "LuckySpin.csproj", "{F7C31A6D-6D4A-17C2-1108-813E426EAE69}"
EndProject
Global
	GlobalSection(SolutionConfigurationPlatforms) = preSolution
		Debug|Any CPU = Debug|Any CPU
		Release|Any CPU = Release|Any CPU
	EndGlobalSection
	GlobalSection(ProjectConfigurationPlatforms) = postSolution
		{F7C31A6D-6D4A-17C2-1108-813E426EAE69}.Debug|Any CPU.ActiveCfg = Debug|Any CPU
		{F7C31A6D-6D4A-17C2-1108-813E426EAE69}.Debug|Any CPU.Build.0 = Debug|Any CPU
		{F7C31A6D-6D4A-17C2-1108-813E426EAE69}.Release|Any CPU.ActiveCfg = Release|Any CPU
		{F7C31A6D-6D4A-17C2-1108-813E426EAE69}.Release|Any CPU.Build.0 = Release|Any CPU
	EndGlobalSection
	GlobalSection(SolutionProperties) = preSolution
		HideSolutionNode = FALSE
	EndGlobalSection
	GlobalSection(ExtensibilityGlobals) = postSolution
		SolutionGuid = {1C1529AC-C018-4212-A975-C454373B2F18}
	EndGlobalSection
EndGlobal
